// !$*UTF8*$!
{
	archiveVersion = 1;
	classes = {
	};
	objectVersion = 46;
	objects = {

/* Begin PBXBuildFile section */
		2E25F1181D10FD1800F0E92D /* StickerPackExtension.appex in Embed App Extensions */ = {isa = PBXBuildFile; fileRef = 2E25F1171D10FD1800F0E92D /* StickerPackExtension.appex */; settings = {ATTRIBUTES = (RemoveHeadersOnCopy, ); }; };
		2E25F11C1D10FD1800F0E92D /* Stickers.xcstickers in Resources */ = {isa = PBXBuildFile; fileRef = 2E25F11B1D10FD1800F0E92D /* Stickers.xcstickers */; };
		2E25F11D1D10FD1800F0E92D /* Stickers.xcstickers in Resources */ = {isa = PBXBuildFile; fileRef = 2E25F11B1D10FD1800F0E92D /* Stickers.xcstickers */; };
/* End PBXBuildFile section */

/* Begin PBXContainerItemProxy section */
		2E25F1191D10FD1800F0E92D /* PBXContainerItemProxy */ = {
			isa = PBXContainerItemProxy;
			containerPortal = 2E25F10D1D10FD1800F0E92D /* Project object */;
			proxyType = 1;
			remoteGlobalIDString = 2E25F1161D10FD1800F0E92D;
			remoteInfo = StickerPackExtension;
		};
/* End PBXContainerItemProxy section */

/* Begin PBXCopyFilesBuildPhase section */
		2E25F1231D10FD1800F0E92D /* Embed App Extensions */ = {
			isa = PBXCopyFilesBuildPhase;
			buildActionMask = 2147483647;
			dstPath = "";
			dstSubfolderSpec = 13;
			files = (
				2E25F1181D10FD1800F0E92D /* StickerPackExtension.appex in Embed App Extensions */,
			);
			name = "Embed App Extensions";
			runOnlyForDeploymentPostprocessing = 0;
		};
/* End PBXCopyFilesBuildPhase section */

/* Begin PBXFileReference section */
		2E25F1131D10FD1800F0E92D /* WWDCFamily.app */ = {isa = PBXFileReference; explicitFileType = wrapper.application; includeInIndex = 0; path = WWDCFamily.app; sourceTree = BUILT_PRODUCTS_DIR; };
		2E25F1171D10FD1800F0E92D /* StickerPackExtension.appex */ = {isa = PBXFileReference; explicitFileType = "wrapper.app-extension"; includeInIndex = 0; path = StickerPackExtension.appex; sourceTree = BUILT_PRODUCTS_DIR; };
		2E25F11B1D10FD1800F0E92D /* Stickers.xcstickers */ = {isa = PBXFileReference; lastKnownFileType = folder.stickers; name = Stickers.xcstickers; path = StickerPackExtension/Stickers.xcstickers; sourceTree = "<group>"; };
/* End PBXFileReference section */

/* Begin PBXGroup section */
		2E25F10C1D10FD1800F0E92D = {
			isa = PBXGroup;
			children = (
				2E25F11B1D10FD1800F0E92D /* Stickers.xcstickers */,
				2E25F1141D10FD1800F0E92D /* Products */,
			);
			sourceTree = "<group>";
		};
		2E25F1141D10FD1800F0E92D /* Products */ = {
			isa = PBXGroup;
			children = (
				2E25F1131D10FD1800F0E92D /* WWDCFamily.app */,
				2E25F1171D10FD1800F0E92D /* StickerPackExtension.appex */,
			);
			name = Products;
			sourceTree = "<group>";
		};
/* End PBXGroup section */

/* Begin PBXNativeTarget section */
		2E25F1121D10FD1800F0E92D /* WWDCFamily */ = {
			isa = PBXNativeTarget;
			buildConfigurationList = 2E25F1241D10FD1800F0E92D /* Build configuration list for PBXNativeTarget "WWDCFamily" */;
			buildPhases = (
				2E25F1111D10FD1800F0E92D /* Resources */,
				2E25F1231D10FD1800F0E92D /* Embed App Extensions */,
			);
			buildRules = (
			);
			dependencies = (
				2E25F11A1D10FD1800F0E92D /* PBXTargetDependency */,
			);
			name = WWDCFamily;
			productName = WWDCFamily;
			productReference = 2E25F1131D10FD1800F0E92D /* WWDCFamily.app */;
			productType = "com.apple.product-type.application.messages";
		};
		2E25F1161D10FD1800F0E92D /* StickerPackExtension */ = {
			isa = PBXNativeTarget;
			buildConfigurationList = 2E25F1201D10FD1800F0E92D /* Build configuration list for PBXNativeTarget "StickerPackExtension" */;
			buildPhases = (
				2E25F1151D10FD1800F0E92D /* Resources */,
			);
			buildRules = (
			);
			dependencies = (
			);
			name = StickerPackExtension;
			productName = StickerPackExtension;
			productReference = 2E25F1171D10FD1800F0E92D /* StickerPackExtension.appex */;
			productType = "com.apple.product-type.app-extension.messages-sticker-pack";
		};
/* End PBXNativeTarget section */

/* Begin PBXProject section */
		2E25F10D1D10FD1800F0E92D /* Project object */ = {
			isa = PBXProject;
			attributes = {
				LastUpgradeCheck = 0800;
				ORGANIZATIONNAME = Makowiec;
				TargetAttributes = {
					2E25F1121D10FD1800F0E92D = {
						CreatedOnToolsVersion = 8.0;
						DevelopmentTeam = Q7LB9QSYQ9;
						DevelopmentTeamName = "Michal Kaluzny";
						ProvisioningStyle = Automatic;
					};
					2E25F1161D10FD1800F0E92D = {
						CreatedOnToolsVersion = 8.0;
						DevelopmentTeam = Q7LB9QSYQ9;
						DevelopmentTeamName = "Michal Kaluzny";
						ProvisioningStyle = Automatic;
					};
				};
			};
			buildConfigurationList = 2E25F1101D10FD1800F0E92D /* Build configuration list for PBXProject "WWDCFamily" */;
			compatibilityVersion = "Xcode 3.2";
			developmentRegion = English;
			hasScannedForEncodings = 0;
			knownRegions = (
				en,
			);
			mainGroup = 2E25F10C1D10FD1800F0E92D;
			productRefGroup = 2E25F1141D10FD1800F0E92D /* Products */;
			projectDirPath = "";
			projectRoot = "";
			targets = (
				2E25F1121D10FD1800F0E92D /* WWDCFamily */,
				2E25F1161D10FD1800F0E92D /* StickerPackExtension */,
			);
		};
/* End PBXProject section */

/* Begin PBXResourcesBuildPhase section */
		2E25F1111D10FD1800F0E92D /* Resources */ = {
			isa = PBXResourcesBuildPhase;
			buildActionMask = 2147483647;
			files = (
				2E25F11D1D10FD1800F0E92D /* Stickers.xcstickers in Resources */,
			);
			runOnlyForDeploymentPostprocessing = 0;
		};
		2E25F1151D10FD1800F0E92D /* Resources */ = {
			isa = PBXResourcesBuildPhase;
			buildActionMask = 2147483647;
			files = (
				2E25F11C1D10FD1800F0E92D /* Stickers.xcstickers in Resources */,
			);
			runOnlyForDeploymentPostprocessing = 0;
		};
/* End PBXResourcesBuildPhase section */

/* Begin PBXTargetDependency section */
		2E25F11A1D10FD1800F0E92D /* PBXTargetDependency */ = {
			isa = PBXTargetDependency;
			target = 2E25F1161D10FD1800F0E92D /* StickerPackExtension */;
			targetProxy = 2E25F1191D10FD1800F0E92D /* PBXContainerItemProxy */;
		};
/* End PBXTargetDependency section */

/* Begin XCBuildConfiguration section */
		2E25F11E1D10FD1800F0E92D /* Debug */ = {
			isa = XCBuildConfiguration;
			buildSettings = {
				ALWAYS_SEARCH_USER_PATHS = NO;
				CLANG_ANALYZER_NONNULL = YES;
				CLANG_CXX_LANGUAGE_STANDARD = "gnu++0x";
				CLANG_CXX_LIBRARY = "libc++";
				CLANG_ENABLE_MODULES = YES;
				CLANG_ENABLE_OBJC_ARC = YES;
				CLANG_WARN_BOOL_CONVERSION = YES;
				CLANG_WARN_CONSTANT_CONVERSION = YES;
				CLANG_WARN_DIRECT_OBJC_ISA_USAGE = YES_ERROR;
				CLANG_WARN_DOCUMENTATION_COMMENTS = YES;
				CLANG_WARN_EMPTY_BODY = YES;
				CLANG_WARN_ENUM_CONVERSION = YES;
				CLANG_WARN_INT_CONVERSION = YES;
				CLANG_WARN_OBJC_ROOT_CLASS = YES_ERROR;
				CLANG_WARN_UNREACHABLE_CODE = YES;
				CLANG_WARN__DUPLICATE_METHOD_MATCH = YES;
				"CODE_SIGN_IDENTITY[sdk=iphoneos*]" = "iPhone Developer";
				COPY_PHASE_STRIP = NO;
				DEBUG_INFORMATION_FORMAT = dwarf;
				ENABLE_STRICT_OBJC_MSGSEND = YES;
				ENABLE_TESTABILITY = YES;
				GCC_C_LANGUAGE_STANDARD = gnu99;
				GCC_DYNAMIC_NO_PIC = NO;
				GCC_NO_COMMON_BLOCKS = YES;
				GCC_OPTIMIZATION_LEVEL = 0;
				GCC_PREPROCESSOR_DEFINITIONS = (
					"DEBUG=1",
					"$(inherited)",
				);
				GCC_WARN_64_TO_32_BIT_CONVERSION = YES;
				GCC_WARN_ABOUT_RETURN_TYPE = YES_ERROR;
				GCC_WARN_UNDECLARED_SELECTOR = YES;
				GCC_WARN_UNINITIALIZED_AUTOS = YES_AGGRESSIVE;
				GCC_WARN_UNUSED_FUNCTION = YES;
				GCC_WARN_UNUSED_VARIABLE = YES;
				IPHONEOS_DEPLOYMENT_TARGET = 10.0;
				MTL_ENABLE_DEBUG_INFO = YES;
				ONLY_ACTIVE_ARCH = YES;
				SDKROOT = iphoneos;
			};
			name = Debug;
		};
		2E25F11F1D10FD1800F0E92D /* Release */ = {
			isa = XCBuildConfiguration;
			buildSettings = {
				ALWAYS_SEARCH_USER_PATHS = NO;
				CLANG_ANALYZER_NONNULL = YES;
				CLANG_CXX_LANGUAGE_STANDARD = "gnu++0x";
				CLANG_CXX_LIBRARY = "libc++";
				CLANG_ENABLE_MODULES = YES;
				CLANG_ENABLE_OBJC_ARC = YES;
				CLANG_WARN_BOOL_CONVERSION = YES;
				CLANG_WARN_CONSTANT_CONVERSION = YES;
				CLANG_WARN_DIRECT_OBJC_ISA_USAGE = YES_ERROR;
				CLANG_WARN_DOCUMENTATION_COMMENTS = YES;
				CLANG_WARN_EMPTY_BODY = YES;
				CLANG_WARN_ENUM_CONVERSION = YES;
				CLANG_WARN_INT_CONVERSION = YES;
				CLANG_WARN_OBJC_ROOT_CLASS = YES_ERROR;
				CLANG_WARN_UNREACHABLE_CODE = YES;
				CLANG_WARN__DUPLICATE_METHOD_MATCH = YES;
				"CODE_SIGN_IDENTITY[sdk=iphoneos*]" = "iPhone Developer";
				COPY_PHASE_STRIP = NO;
				DEBUG_INFORMATION_FORMAT = "dwarf-with-dsym";
				ENABLE_NS_ASSERTIONS = NO;
				ENABLE_STRICT_OBJC_MSGSEND = YES;
				GCC_C_LANGUAGE_STANDARD = gnu99;
				GCC_NO_COMMON_BLOCKS = YES;
				GCC_WARN_64_TO_32_BIT_CONVERSION = YES;
				GCC_WARN_ABOUT_RETURN_TYPE = YES_ERROR;
				GCC_WARN_UNDECLARED_SELECTOR = YES;
				GCC_WARN_UNINITIALIZED_AUTOS = YES_AGGRESSIVE;
				GCC_WARN_UNUSED_FUNCTION = YES;
				GCC_WARN_UNUSED_VARIABLE = YES;
				IPHONEOS_DEPLOYMENT_TARGET = 10.0;
				MTL_ENABLE_DEBUG_INFO = NO;
				SDKROOT = iphoneos;
				VALIDATE_PRODUCT = YES;
			};
			name = Release;
		};
		2E25F1211D10FD1800F0E92D /* Debug */ = {
			isa = XCBuildConfiguration;
			buildSettings = {
				ASSETCATALOG_COMPILER_APPICON_NAME = "iMessage App Icon";
				INFOPLIST_FILE = StickerPackExtension/Info.plist;
				PRODUCT_BUNDLE_IDENTIFIER = org.justmaku.WWDCFamily.StickerPackExtension;
				PRODUCT_NAME = "$(TARGET_NAME)";
				SKIP_INSTALL = YES;
			};
			name = Debug;
		};
		2E25F1221D10FD1800F0E92D /* Release */ = {
			isa = XCBuildConfiguration;
			buildSettings = {
				ASSETCATALOG_COMPILER_APPICON_NAME = "iMessage App Icon";
				INFOPLIST_FILE = StickerPackExtension/Info.plist;
				PRODUCT_BUNDLE_IDENTIFIER = org.justmaku.WWDCFamily.StickerPackExtension;
				PRODUCT_NAME = "$(TARGET_NAME)";
				SKIP_INSTALL = YES;
			};
			name = Release;
		};
		2E25F1251D10FD1800F0E92D /* Debug */ = {
			isa = XCBuildConfiguration;
			buildSettings = {
				ASSETCATALOG_COMPILER_APPICON_NAME = "iMessage App Icon";
				INFOPLIST_FILE = WWDCFamily/Info.plist;
				PRODUCT_BUNDLE_IDENTIFIER = org.justmaku.WWDCFamily;
				PRODUCT_NAME = "$(TARGET_NAME)";
				TARGETED_DEVICE_FAMILY = "1,2";
			};
			name = Debug;
		};
		2E25F1261D10FD1800F0E92D /* Release */ = {
			isa = XCBuildConfiguration;
			buildSettings = {
				ASSETCATALOG_COMPILER_APPICON_NAME = "iMessage App Icon";
				INFOPLIST_FILE = WWDCFamily/Info.plist;
				PRODUCT_BUNDLE_IDENTIFIER = org.justmaku.WWDCFamily;
				PRODUCT_NAME = "$(TARGET_NAME)";
				TARGETED_DEVICE_FAMILY = "1,2";
			};
			name = Release;
		};
/* End XCBuildConfiguration section */

/* Begin XCConfigurationList section */
		2E25F1101D10FD1800F0E92D /* Build configuration list for PBXProject "WWDCFamily" */ = {
			isa = XCConfigurationList;
			buildConfigurations = (
				2E25F11E1D10FD1800F0E92D /* Debug */,
				2E25F11F1D10FD1800F0E92D /* Release */,
			);
			defaultConfigurationIsVisible = 0;
			defaultConfigurationName = Release;
		};
		2E25F1201D10FD1800F0E92D /* Build configuration list for PBXNativeTarget "StickerPackExtension" */ = {
			isa = XCConfigurationList;
			buildConfigurations = (
				2E25F1211D10FD1800F0E92D /* Debug */,
				2E25F1221D10FD1800F0E92D /* Release */,
			);
			defaultConfigurationIsVisible = 0;
		};
		2E25F1241D10FD1800F0E92D /* Build configuration list for PBXNativeTarget "WWDCFamily" */ = {
			isa = XCConfigurationList;
			buildConfigurations = (
				2E25F1251D10FD1800F0E92D /* Debug */,
				2E25F1261D10FD1800F0E92D /* Release */,
			);
			defaultConfigurationIsVisible = 0;
		};
/* End XCConfigurationList section */
	};
	rootObject = 2E25F10D1D10FD1800F0E92D /* Project object */;
}
